{
  "name": "integrity-transmissions-site",
  "version": "1.0.0",
  "lockfileVersion": 3,
  "requires": true,
  "packages": {
    "": {
      "name": "integrity-transmissions-site",
      "version": "1.0.0",
      "dependencies": {
        "stripe": "22.6.1"
      },
      "engines": {
        "node": ">=20"
      }
    },
    "node_modules/stripe": {
      "version": "22.6.1",
      "resolved": "https://registry.npmjs.org/stripe/-/stripe-22.6.1.tgz",
      "integrity": "sha512-hAKSkGeVt2u46TRYhmnvwmVHxBNtOCJnPjc+SH5sP2B2ypElYzAAY3Ljx0Ar8C2w8nfpFQiZ95qoDCDsFkXMTA==",
      "license": "MIT",
      "engines": {
        "node": ">=18"
      },
      "peerDependencies": {
        "@types/node": ">=18"
      },
      "peerDependenciesMeta": {
        "@types/node": {
          "optional": true
        }
      }
    }
  }
}
